PODS:
  - IQKeyboardManager (6.5.0)
  - SQLiteRepairKit (1.2.2):
    - WCDBOptimizedSQLCipher (~> 1.2.0)
  - UMCCommon (7.2.4)
  - WCDB (1.0.7.5):
    - SQLiteRepairKit (~> 1.2.0)
    - WCDBOptimizedSQLCipher (~> 1.2.0)
  - WCDBOptimizedSQLCipher (1.2.1)

DEPENDENCIES:
  - IQKeyboardManager
  - UMCCommon
  - WCDB

SPEC REPOS:
  https://github.com/cocoapods/specs.git:
    - IQKeyboardManager
    - SQLiteRepairKit
    - UMCCommon
    - WCDB
    - WCDBOptimizedSQLCipher

SPEC CHECKSUMS:
  IQKeyboardManager: 700e5155d6a292383b54e8678aec769e14fc78fc
  SQLiteRepairKit: 35aaae5a8838adb85f5b1eb4d796055be6060a4b
  UMCCommon: a63a8b55331af31872a7bf17908ce47f48973c7f
  WCDB: 8e90babdeb7784c569353a4bd22a66c0a175a882
  WCDBOptimizedSQLCipher: baf44493b0c7a3d49e97bc5b64a3856f6428ddd1

PODFILE CHECKSUM: 511be0ee3d16aa2eb8ce62c6d1d79f03ef21c06f

COCOAPODS: 1.5.3
